
Microsoft Visual Studio Solution File, Format Version 12.00
# Visual Studio Version 17
VisualStudioVersion = 17.4.33205.214
MinimumVisualStudioVersion = 10.0.40219.1
Project("{9A19103F-16F7-4668-BE54-9A1E7A4F7556}") = "FastFood.Core", "FastFood.Core\FastFood.Core.csproj", "{3488DA13-174A-4DD0-994C-DC50045FCE20}"
EndProject
Project("{9A19103F-16F7-4668-BE54-9A1E7A4F7556}") = "FastFood.Data", "FastFood.Data\FastFood.Data.csproj", "{A1D9CC7E-163C-4025-9857-948E8F44C7FA}"
EndProject
Project("{9A19103F-16F7-4668-BE54-9A1E7A4F7556}") = "FastFood.Models", "FastFood.Models\FastFood.Models.csproj", "{BB6F0165-F136-42AB-93E3-1A4E5E9641E4}"
EndProject
Project("{FAE04EC0-301F-11D3-BF4B-00C04F79EFBC}") = "FastFood.Common", "FastFood.Common\FastFood.Common.csproj", "{079019E6-A6FF-4509-ABEE-65CED6453A9A}"
EndProject
Project("{2150E333-8FDC-42A3-9474-1A3956D46DE8}") = "Data", "Data", "{E51A2A2E-0673-46FC-9835-407A78277678}"
EndProject
Project("{2150E333-8FDC-42A3-9474-1A3956D46DE8}") = "Web", "Web", "{860E874B-8DE4-4AC2-B503-2ED2406155F1}"
EndProject
Project("{2150E333-8FDC-42A3-9474-1A3956D46DE8}") = "Services", "Services", "{67C57BC3-2F64-4991-996F-579537737289}"
EndProject
Project("{FAE04EC0-301F-11D3-BF4B-00C04F79EFBC}") = "FastFood.Services.Mapping", "FastFood.Services.Mapping\FastFood.Services.Mapping.csproj", "{2E6A6F17-3E22-4215-9964-4435F123E0A0}"
EndProject
Project("{FAE04EC0-301F-11D3-BF4B-00C04F79EFBC}") = "FastFood.Services.Data", "FastFood.Services.Data\FastFood.Services.Data.csproj", "{0E7BF5B0-9BB1-4816-87AA-034789B5462B}"
EndProject
Project("{FAE04EC0-301F-11D3-BF4B-00C04F79EFBC}") = "FastFood.Web.ViewModels", "FastFood.Web.ViewModels\FastFood.Web.ViewModels.csproj", "{2830F6AB-752A-4C68-BA4F-DC11A17264FD}"
EndProject
Global
	GlobalSection(SolutionConfigurationPlatforms) = preSolution
		Debug|Any CPU = Debug|Any CPU
		Release|Any CPU = Release|Any CPU
	EndGlobalSection
	GlobalSection(ProjectConfigurationPlatforms) = postSolution
		{3488DA13-174A-4DD0-994C-DC50045FCE20}.Debug|Any CPU.ActiveCfg = Debug|Any CPU
		{3488DA13-174A-4DD0-994C-DC50045FCE20}.Debug|Any CPU.Build.0 = Debug|Any CPU
		{3488DA13-174A-4DD0-994C-DC50045FCE20}.Release|Any CPU.ActiveCfg = Release|Any CPU
		{3488DA13-174A-4DD0-994C-DC50045FCE20}.Release|Any CPU.Build.0 = Release|Any CPU
		{A1D9CC7E-163C-4025-9857-948E8F44C7FA}.Debug|Any CPU.ActiveCfg = Debug|Any CPU
		{A1D9CC7E-163C-4025-9857-948E8F44C7FA}.Debug|Any CPU.Build.0 = Debug|Any CPU
		{A1D9CC7E-163C-4025-9857-948E8F44C7FA}.Release|Any CPU.ActiveCfg = Release|Any CPU
		{A1D9CC7E-163C-4025-9857-948E8F44C7FA}.Release|Any CPU.Build.0 = Release|Any CPU
		{BB6F0165-F136-42AB-93E3-1A4E5E9641E4}.Debug|Any CPU.ActiveCfg = Debug|Any CPU
		{BB6F0165-F136-42AB-93E3-1A4E5E9641E4}.Debug|Any CPU.Build.0 = Debug|Any CPU
		{BB6F0165-F136-42AB-93E3-1A4E5E9641E4}.Release|Any CPU.ActiveCfg = Release|Any CPU
		{BB6F0165-F136-42AB-93E3-1A4E5E9641E4}.Release|Any CPU.Build.0 = Release|Any CPU
		{079019E6-A6FF-4509-ABEE-65CED6453A9A}.Debug|Any CPU.ActiveCfg = Debug|Any CPU
		{079019E6-A6FF-4509-ABEE-65CED6453A9A}.Debug|Any CPU.Build.0 = Debug|Any CPU
		{079019E6-A6FF-4509-ABEE-65CED6453A9A}.Release|Any CPU.ActiveCfg = Release|Any CPU
		{079019E6-A6FF-4509-ABEE-65CED6453A9A}.Release|Any CPU.Build.0 = Release|Any CPU
		{2E6A6F17-3E22-4215-9964-4435F123E0A0}.Debug|Any CPU.ActiveCfg = Debug|Any CPU
		{2E6A6F17-3E22-4215-9964-4435F123E0A0}.Debug|Any CPU.Build.0 = Debug|Any CPU
		{2E6A6F17-3E22-4215-9964-4435F123E0A0}.Release|Any CPU.ActiveCfg = Release|Any CPU
		{2E6A6F17-3E22-4215-9964-4435F123E0A0}.Release|Any CPU.Build.0 = Release|Any CPU
		{0E7BF5B0-9BB1-4816-87AA-034789B5462B}.Debug|Any CPU.ActiveCfg = Debug|Any CPU
		{0E7BF5B0-9BB1-4816-87AA-034789B5462B}.Debug|Any CPU.Build.0 = Debug|Any CPU
		{0E7BF5B0-9BB1-4816-87AA-034789B5462B}.Release|Any CPU.ActiveCfg = Release|Any CPU
		{0E7BF5B0-9BB1-4816-87AA-034789B5462B}.Release|Any CPU.Build.0 = Release|Any CPU
		{2830F6AB-752A-4C68-BA4F-DC11A17264FD}.Debug|Any CPU.ActiveCfg = Debug|Any CPU
		{2830F6AB-752A-4C68-BA4F-DC11A17264FD}.Debug|Any CPU.Build.0 = Debug|Any CPU
		{2830F6AB-752A-4C68-BA4F-DC11A17264FD}.Release|Any CPU.ActiveCfg = Release|Any CPU
		{2830F6AB-752A-4C68-BA4F-DC11A17264FD}.Release|Any CPU.Build.0 = Release|Any CPU
	EndGlobalSection
	GlobalSection(SolutionProperties) = preSolution
		HideSolutionNode = FALSE
	EndGlobalSection
	GlobalSection(NestedProjects) = preSolution
		{3488DA13-174A-4DD0-994C-DC50045FCE20} = {860E874B-8DE4-4AC2-B503-2ED2406155F1}
		{A1D9CC7E-163C-4025-9857-948E8F44C7FA} = {E51A2A2E-0673-46FC-9835-407A78277678}
		{BB6F0165-F136-42AB-93E3-1A4E5E9641E4} = {E51A2A2E-0673-46FC-9835-407A78277678}
		{2E6A6F17-3E22-4215-9964-4435F123E0A0} = {67C57BC3-2F64-4991-996F-579537737289}
		{0E7BF5B0-9BB1-4816-87AA-034789B5462B} = {67C57BC3-2F64-4991-996F-579537737289}
		{2830F6AB-752A-4C68-BA4F-DC11A17264FD} = {860E874B-8DE4-4AC2-B503-2ED2406155F1}
	EndGlobalSection
	GlobalSection(ExtensibilityGlobals) = postSolution
		SolutionGuid = {862DCD7D-6738-42A1-B1BB-4B09D90AAA4B}
	EndGlobalSection
EndGlobal
