
Microsoft Visual Studio Solution File, Format Version 12.00
# Visual Studio Version 17
VisualStudioVersion = 17.5.33414.496
MinimumVisualStudioVersion = 10.0.40219.1
Project("{FAE04EC0-301F-11D3-BF4B-00C04F79EFBC}") = "BookShop", "BookShop\BookShop.csproj", "{C62BCAC1-94A5-4DDD-8B91-B1B5D39813DC}"
EndProject
Project("{FAE04EC0-301F-11D3-BF4B-00C04F79EFBC}") = "BookShop.Data", "BookShop.Data\BookShop.Data.csproj", "{20C5DEEB-9E6E-4D98-A948-AF616D47B2D9}"
EndProject
Project("{FAE04EC0-301F-11D3-BF4B-00C04F79EFBC}") = "BookShop.Models", "BookShop.Models\BookShop.Models.csproj", "{1FA0E3DA-31F1-439F-9833-7F6FE9715132}"
EndProject
Project("{FAE04EC0-301F-11D3-BF4B-00C04F79EFBC}") = "BookShop.Common", "BookShop.Common\BookShop.Common.csproj", "{E7FA8F59-8ACB-46B1-AE33-A241A942BB74}"
EndProject
Global
	GlobalSection(SolutionConfigurationPlatforms) = preSolution
		Debug|Any CPU = Debug|Any CPU
		Release|Any CPU = Release|Any CPU
	EndGlobalSection
	GlobalSection(ProjectConfigurationPlatforms) = postSolution
		{C62BCAC1-94A5-4DDD-8B91-B1B5D39813DC}.Debug|Any CPU.ActiveCfg = Debug|Any CPU
		{C62BCAC1-94A5-4DDD-8B91-B1B5D39813DC}.Debug|Any CPU.Build.0 = Debug|Any CPU
		{C62BCAC1-94A5-4DDD-8B91-B1B5D39813DC}.Release|Any CPU.ActiveCfg = Release|Any CPU
		{C62BCAC1-94A5-4DDD-8B91-B1B5D39813DC}.Release|Any CPU.Build.0 = Release|Any CPU
		{20C5DEEB-9E6E-4D98-A948-AF616D47B2D9}.Debug|Any CPU.ActiveCfg = Debug|Any CPU
		{20C5DEEB-9E6E-4D98-A948-AF616D47B2D9}.Debug|Any CPU.Build.0 = Debug|Any CPU
		{20C5DEEB-9E6E-4D98-A948-AF616D47B2D9}.Release|Any CPU.ActiveCfg = Release|Any CPU
		{20C5DEEB-9E6E-4D98-A948-AF616D47B2D9}.Release|Any CPU.Build.0 = Release|Any CPU
		{1FA0E3DA-31F1-439F-9833-7F6FE9715132}.Debug|Any CPU.ActiveCfg = Debug|Any CPU
		{1FA0E3DA-31F1-439F-9833-7F6FE9715132}.Debug|Any CPU.Build.0 = Debug|Any CPU
		{1FA0E3DA-31F1-439F-9833-7F6FE9715132}.Release|Any CPU.ActiveCfg = Release|Any CPU
		{1FA0E3DA-31F1-439F-9833-7F6FE9715132}.Release|Any CPU.Build.0 = Release|Any CPU
		{E7FA8F59-8ACB-46B1-AE33-A241A942BB74}.Debug|Any CPU.ActiveCfg = Debug|Any CPU
		{E7FA8F59-8ACB-46B1-AE33-A241A942BB74}.Debug|Any CPU.Build.0 = Debug|Any CPU
		{E7FA8F59-8ACB-46B1-AE33-A241A942BB74}.Release|Any CPU.ActiveCfg = Release|Any CPU
		{E7FA8F59-8ACB-46B1-AE33-A241A942BB74}.Release|Any CPU.Build.0 = Release|Any CPU
	EndGlobalSection
	GlobalSection(SolutionProperties) = preSolution
		HideSolutionNode = FALSE
	EndGlobalSection
	GlobalSection(ExtensibilityGlobals) = postSolution
		SolutionGuid = {4C2E5E3B-7ED8-4EA3-94D9-D482F48D732D}
	EndGlobalSection
EndGlobal
